
Microsoft Visual Studio Solution File, Format Version 12.00
# Visual Studio 2013
VisualStudioVersion = 12.0.31101.0
MinimumVisualStudioVersion = 10.0.40219.1
Project("{FAE04EC0-301F-11D3-BF4B-00C04F79EFBC}") = "QL_TaXi", "QL_TaXi.csproj", "{220F7B7E-639D-4C92-99D9-7D27F7694A6D}"
EndProject
Project("{FAE04EC0-301F-11D3-BF4B-00C04F79EFBC}") = "BUS", "BUS\BUS.csproj", "{72057172-8DB3-4875-A5C1-87A0ED272088}"
EndProject
Project("{FAE04EC0-301F-11D3-BF4B-00C04F79EFBC}") = "DAO", "DAO\DAO.csproj", "{EBD2714E-9632-423A-9FA8-C7324BBF4A9F}"
EndProject
Project("{FAE04EC0-301F-11D3-BF4B-00C04F79EFBC}") = "DTO", "DTO\DTO.csproj", "{4378561C-715E-4AC1-AF9A-2FCB5E2E8D86}"
EndProject
Global
	GlobalSection(SolutionConfigurationPlatforms) = preSolution
		Debug|Any CPU = Debug|Any CPU
		Release|Any CPU = Release|Any CPU
	EndGlobalSection
	GlobalSection(ProjectConfigurationPlatforms) = postSolution
		{220F7B7E-639D-4C92-99D9-7D27F7694A6D}.Debug|Any CPU.ActiveCfg = Debug|Any CPU
		{220F7B7E-639D-4C92-99D9-7D27F7694A6D}.Debug|Any CPU.Build.0 = Debug|Any CPU
		{220F7B7E-639D-4C92-99D9-7D27F7694A6D}.Release|Any CPU.ActiveCfg = Release|Any CPU
		{220F7B7E-639D-4C92-99D9-7D27F7694A6D}.Release|Any CPU.Build.0 = Release|Any CPU
		{72057172-8DB3-4875-A5C1-87A0ED272088}.Debug|Any CPU.ActiveCfg = Debug|Any CPU
		{72057172-8DB3-4875-A5C1-87A0ED272088}.Debug|Any CPU.Build.0 = Debug|Any CPU
		{72057172-8DB3-4875-A5C1-87A0ED272088}.Release|Any CPU.ActiveCfg = Release|Any CPU
		{72057172-8DB3-4875-A5C1-87A0ED272088}.Release|Any CPU.Build.0 = Release|Any CPU
		{EBD2714E-9632-423A-9FA8-C7324BBF4A9F}.Debug|Any CPU.ActiveCfg = Debug|Any CPU
		{EBD2714E-9632-423A-9FA8-C7324BBF4A9F}.Debug|Any CPU.Build.0 = Debug|Any CPU
		{EBD2714E-9632-423A-9FA8-C7324BBF4A9F}.Release|Any CPU.ActiveCfg = Release|Any CPU
		{EBD2714E-9632-423A-9FA8-C7324BBF4A9F}.Release|Any CPU.Build.0 = Release|Any CPU
		{4378561C-715E-4AC1-AF9A-2FCB5E2E8D86}.Debug|Any CPU.ActiveCfg = Debug|Any CPU
		{4378561C-715E-4AC1-AF9A-2FCB5E2E8D86}.Debug|Any CPU.Build.0 = Debug|Any CPU
		{4378561C-715E-4AC1-AF9A-2FCB5E2E8D86}.Release|Any CPU.ActiveCfg = Release|Any CPU
		{4378561C-715E-4AC1-AF9A-2FCB5E2E8D86}.Release|Any CPU.Build.0 = Release|Any CPU
	EndGlobalSection
	GlobalSection(SolutionProperties) = preSolution
		HideSolutionNode = FALSE
	EndGlobalSection
EndGlobal
